
Microsoft Visual Studio Solution File, Format Version 12.00
# Visual Studio Version 16
VisualStudioVersion = 16.0.30717.126
MinimumVisualStudioVersion = 10.0.40219.1
Project("{FAE04EC0-301F-11D3-BF4B-00C04F79EFBC}") = "Scope", "Scope\Scope.csproj", "{68DEBB21-EBB9-4118-ACEE-CDBC874FD249}"
EndProject
Global
	GlobalSection(SolutionConfigurationPlatforms) = preSolution
		Debug|Any CPU = Debug|Any CPU
		Release|Any CPU = Release|Any CPU
	EndGlobalSection
	GlobalSection(ProjectConfigurationPlatforms) = postSolution
		{68DEBB21-EBB9-4118-ACEE-CDBC874FD249}.Debug|Any CPU.ActiveCfg = Debug|Any CPU
		{68DEBB21-EBB9-4118-ACEE-CDBC874FD249}.Debug|Any CPU.Build.0 = Debug|Any CPU
		{68DEBB21-EBB9-4118-ACEE-CDBC874FD249}.Release|Any CPU.ActiveCfg = Release|Any CPU
		{68DEBB21-EBB9-4118-ACEE-CDBC874FD249}.Release|Any CPU.Build.0 = Release|Any CPU
	EndGlobalSection
	GlobalSection(SolutionProperties) = preSolution
		HideSolutionNode = FALSE
	EndGlobalSection
	GlobalSection(ExtensibilityGlobals) = postSolution
		SolutionGuid = {4085FD86-C879-4FFD-AC04-ED14FFB7A0E4}
	EndGlobalSection
EndGlobal
